98544
/Users/imedia24/Library/Java/JavaVirtualMachines/openjdk-22.0.1/Contents/Home/bin/java -XX:TieredStopAtLevel=1 -Dspring.output.ansi.enabled=always -Dcom.sun.management.jmxremote -Dspring.jmx.enabled=true -Dspring.liveBeansView.mbeanDomain -Dspring.application.admin.enabled=true -Dmanagement.endpoints.jmx.exposure.include=* -javaagent:/Applications/IntelliJ IDEA.app/Contents/lib/idea_rt.jar=64051:/Applications/IntelliJ IDEA.app/Contents/bin -Dfile.encoding=UTF-8 -Dsun.stdout.encoding=UTF-8 -Dsun.stderr.encoding=UTF-8 -classpath /Users/imedia24/Enset/AI generative/chatbot/build/classes/java/main:/Users/imedia24/Enset/AI generative/chatbot/build/resources/main:/Users/imedia24/.gradle/caches/modules-2/files-2.1/org.projectlombok/lombok/1.18.32/17d46b3e205515e1e8efd3ee4d57ce8018914163/lombok-1.18.32.jar:/Users/imedia24/.gradle/caches/modules-2/files-2.1/org.springframework.boot/spring-boot-starter-data-jpa/3.3.1/f12725d58a944eaf4d44334a6a7b0fe14ed08577/spring-boot-starter-data-jpa-3.3.1.jar:/Users/imedia24/.gradle/caches/modules-2/files-2.1/com.vaadin/vaadin-spring-boot-starter/24.4.3/be5c28e073da2a2fb3947b28e306ffaac9fff499/vaadin-spring-boot-starter-24.4.3.jar:/Users/imedia24/.gradle/caches/modules-2/files-2.1/org.springframework.boot/spring-boot-starter-web/3.3.1/ec812e82a010d089438b6ac98ebe294f2e540f71/spring-boot-starter-web-3.3.1.jar:/Users/imedia24/.gradle/caches/modules-2/files-2.1/org.springframework.ai/spring-ai-ollama-spring-boot-starter/1.0.0-M1/be69df7a082da8a1c0b2f6462ec5d65952d290cc/spring-ai-ollama-spring-boot-starter-1.0.0-M1.jar:/Users/imedia24/.gradle/caches/modules-2/files-2.1/org.springframework.ai/spring-ai-pdf-document-reader/1.0.0-M1/46c7d1b60545e91b37bfc6519d5abe9e4e2ef9ea/spring-ai-pdf-document-reader-1.0.0-M1.jar:/Users/imedia24/.gradle/caches/modules-2/files-2.1/org.springframework.ai/spring-ai-pgvector-store-spring-boot-starter/1.0.0-M1/150188c8f2ebe1081dc4ad1537418fa9cb08d847/spring-ai-pgvector-store-spring-boot-starter-1.0.0-M1.jar:/Users/imedia24/.gradle/caches/modules-2/files-2.1/org.springframework.boot/spring-boot-starter-jdbc/3.3.1/73e79247180d277b68801ff5f4f9e9ab66210335/spring-boot-starter-jdbc-3.3.1.jar:/Users/imedia24/.gradle/caches/modules-2/files-2.1/org.springframework.boot/spring-boot-starter-aop/3.3.1/19da2c8abacda5bed6fadfe3e76e4b61e9cc0f09/spring-boot-starter-aop-3.3.1.jar:/Users/imedia24/.gradle/caches/modules-2/files-2.1/org.hibernate.orm/hibernate-core/6.5.2.Final/e9e0cc47f6cd2b2553968aee66bd9e55e7485221/hibernate-core-6.5.2.Final.jar:/Users/imedia24/.gradle/caches/modules-2/files-2.1/org.springframework.data/spring-data-jpa/3.3.1/bf75f2140be9325d78de2c1c88eb9b7388a41bb1/spring-data-jpa-3.3.1.jar:/Users/imedia24/.gradle/caches/modules-2/files-2.1/org.springframework/spring-aspects/6.1.10/8d869a8bcc99e71b98b9d5ca141539d6e6ba3061/spring-aspects-6.1.10.jar:/Users/imedia24/.gradle/caches/modules-2/files-2.1/com.vaadin/vaadin-spring/24.4.2/7896635635bebdc86e5699751b8a393736acfc29/vaadin-spring-24.4.2.jar:/Users/imedia24/.gradle/caches/modules-2/files-2.1/com.vaadin/hilla/24.4.1/4da2487dc67a1cfb2d2f43908b23b541020a7a1e/hilla-24.4.1.jar:/Users/imedia24/.gradle/caches/modules-2/files-2.1/com.vaadin/vaadin-core/24.4.3/24cf20738faf5f1fb478e8f83864901c270127e8/vaadin-core-24.4.3.jar:/Users/imedia24/.gradle/caches/modules-2/files-2.1/org.springframework.boot/spring-boot-starter-json/3.3.1/b78d1ce67c3a44e8a2c2799b70e8c216166d0f5b/spring-boot-starter-json-3.3.1.jar:/Users/imedia24/.gradle/caches/modules-2/files-2.1/org.springframework.boot/spring-boot-starter/3.3.1/30e0ac13cfa51c77db60909ea28572a1e973f186/spring-boot-starter-3.3.1.jar:/Users/imedia24/.gradle/caches/modules-2/files-2.1/org.springframework.boot/spring-boot-starter-tomcat/3.3.1/78bc3dedeb8abcea03f35d24f6779e0a3c6080d2/spring-boot-starter-tomcat-3.3.1.jar:/Users/imedia24/.gradle/caches/modules-2/files-2.1/org.springframework/spring-webmvc/6.1.10/476344c2f21ab070bc72108375d9355f2ec0ddd1/spring-webmvc-6.1.10.jar:/Users/imedia24/.gradle/caches/modules-2/files-2.1/org.springframework/spring-web/6.1.10/876a856af61ef5712fb9a3013b798aa2b4a9475e/spring-web-6.1.10.jar:/Users/imedia24/.gradle/caches/modules-2/files-2.1/org.springframework.ai/spring-ai-spring-boot-autoconfigure/1.0.0-M1/fb5ae05569be36899f5ce03a67da85519e786d16/spring-ai-spring-boot-autoconfigure-1.0.0-M1.jar:/Users/imedia24/.gradle/caches/modules-2/files-2.1/org.springframework.ai/spring-ai-ollama/1.0.0-M1/e35a0239244099c09be1f215f9f6699baec4eaa7/spring-ai-ollama-1.0.0-M1.jar:/Users/imedia24/.gradle/caches/modules-2/files-2.1/org.springframework.ai/spring-ai-core/1.0.0-M1/f8ee20ae90a7b9013261bda4af9feeb75ffebed/spring-ai-core-1.0.0-M1.jar:/Users/imedia24/.gradle/caches/modules-2/files-2.1/org.apache.pdfbox/pdfbox/3.0.1/c76a2e9c5d36a95abf1a19e4f36728e542a438a6/pdfbox-3.0.1.jar:/Users/imedia24/.gradle/caches/modules-2/files-2.1/org.springframework.ai/spring-ai-pgvector-store/1.0.0-M1/3a1c7d2f3e1b308b4ed36d55521a0dcbd435f87d/spring-ai-pgvector-store-1.0.0-M1.jar:/Users/imedia24/.gradle/caches/modules-2/files-2.1/com.zaxxer/HikariCP/5.1.0/8c96e36c14461fc436bb02b264b96ef3ca5dca8c/HikariCP-5.1.0.jar:/Users/imedia24/.gradle/caches/modules-2/files-2.1/org.springframework/spring-jdbc/6.1.10/bba7d7de1d944443bd9e45d0ebcbbb6ec6864be0/spring-jdbc-6.1.10.jar:/Users/imedia24/.gradle/caches/modules-2/files-2.1/org.springframework/spring-aop/6.1.10/aa6a147eb08820fb503a992a8fe2c9fee3439129/spring-aop-6.1.10.jar:/Users/imedia24/.gradle/caches/modules-2/files-2.1/org.aspectj/aspectjweaver/1.9.22/10736ab74a53af5e2e1b07e76335a5391526b6f8/aspectjweaver-1.9.22.jar:/Users/imedia24/.gradle/caches/modules-2/files-2.1/jakarta.persistence/jakarta.persistence-api/3.1.0/66901fa1c373c6aff65c13791cc11da72060a8d6/jakarta.persistence-api-3.1.0.jar:/Users/imedia24/.gradle/caches/modules-2/files-2.1/jakarta.transaction/jakarta.transaction-api/2.0.1/51a520e3fae406abb84e2e1148e6746ce3f80a1a/jakarta.transaction-api-2.0.1.jar:/Users/imedia24/.gradle/caches/modules-2/files-2.1/org.springframework/spring-orm/6.1.10/b4cd93ddd043407b3ba3fdfca3b07db776581fec/spring-orm-6.1.10.jar:/Users/imedia24/.gradle/caches/modules-2/files-2.1/org.springframework/spring-context/6.1.10/6f869ea35a26028f3bfbfb52c72ef2b077fbb6e5/spring-context-6.1.10.jar:/Users/imedia24/.gradle/caches/modules-2/files-2.1/org.springframework.data/spring-data-commons/3.3.1/fe179b4f9f5d4fafdcf9e2a2030033d61423c3f6/spring-data-commons-3.3.1.jar:/Users/imedia24/.gradle/caches/modules-2/files-2.1/org.springframework/spring-tx/6.1.10/1a2361bc1881ed1a0dc2e09561e8f560e1949c8e/spring-tx-6.1.10.jar:/Users/imedia24/.gradle/caches/modules-2/files-2.1/org.springframework/spring-beans/6.1.10/a49252929fb2918f73eb7659ef98dff7306a7c2c/spring-beans-6.1.10.jar:/Users/imedia24/.gradle/caches/modules-2/files-2.1/org.springframework/spring-core/6.1.10/eaf5b1f3e3bb5aa8b45ab255cf3270c1c4578f1d/spring-core-6.1.10.jar:/Users/imedia24/.gradle/caches/modules-2/files-2.1/org.antlr/antlr4-runtime/4.13.1/17125bae1d965624e265ef49552f6465a2bfa307/antlr4-runtime-4.13.1.jar:/Users/imedia24/.gradle/caches/modules-2/files-2.1/jakarta.annotation/jakarta.annotation-api/2.1.1/48b9bda22b091b1f48b13af03fe36db3be6e1ae3/jakarta.annotation-api-2.1.1.jar:/Users/imedia24/.gradle/caches/modules-2/files-2.1/org.slf4j/slf4j-api/2.0.11/ad96c3f8cf895e696dd35c2bc8e8ebe710be9e6d/slf4j-api-2.0.11.jar:/Users/imedia24/.gradle/caches/modules-2/files-2.1/org.springframework/spring-websocket/6.1.10/448ee505c11b87dd4732d27092f932b47feaf912/spring-websocket-6.1.10.jar:/Users/imedia24/.gradle/caches/modules-2/files-2.1/com.vaadin/flow-server/24.4.2/38ae501d9c5c4d2f10d5e889d9b6d9aaac2e58d6/flow-server-24.4.2.jar:/Users/imedia24/.gradle/caches/modules-2/files-2.1/org.reflections/reflections/0.10.2/b638d7ca0e0fe0146b60a0e7ba232ad852a73b31/reflections-0.10.2.jar:/Users/imedia24/.gradle/caches/modules-2/files-2.1/com.vaadin/flow-push/24.4.2/1317c10cdabc2710b69cea4be2a2d54d33bcc9b8/flow-push-24.4.2.jar:/Users/imedia24/.gradle/caches/modules-2/files-2.1/com.vaadin/flow-client/24.4.2/7e97f586ee875fc2ae250aacc33a341bf032793f/flow-client-24.4.2.jar:/Users/imedia24/.gradle/caches/modules-2/files-2.1/org.hibernate.validator/hibernate-validator/8.0.1.Final/e49e116b3d3928060599b176b3538bb848718e95/hibernate-validator-8.0.1.Final.jar:/Users/imedia24/.gradle/caches/modules-2/files-2.1/com.vaadin/hilla-endpoint/24.4.1/23129649a40d0e7417340a126ef5b12d1728c657/hilla-endpoint-24.4.1.jar:/Users/imedia24/.gradle/caches/modules-2/files-2.1/com.vaadin/hilla-engine-runtime/24.4.1/d78132240c659b5780e90d1905e32e303747e927/hilla-engine-runtime-24.4.1.jar:/Users/imedia24/.gradle/caches/modules-2/files-2.1/com.vaadin/vaadin-dev/24.4.3/dedbb320413d40eae617e416aa0d133732e5cab7/vaadin-dev-24.4.3.jar:/Users/imedia24/.gradle/caches/modules-2/files-2.1/com.vaadin/vaadin-core-internal/24.4.3/f43e711095e011f141905c9c1372bb8ad0e80489/vaadin-core-internal-24.4.3.jar:/Users/imedia24/.gradle/caches/modules-2/files-2.1/com.fasterxml.jackson.datatype/jackson-datatype-jdk8/2.17.1/76b495194c36058904c82e288d285a1bd13f0ffa/jackson-datatype-jdk8-2.17.1.jar:/Users/imedia24/.gradle/caches/modules-2/files-2.1/com.fasterxml.jackson.datatype/jackson-datatype-jsr310/2.17.1/969b0c3cb8c75d759e9a6c585c44c9b9f3a4f75/jackson-datatype-jsr310-2.17.1.jar:/Users/imedia24/.gradle/caches/modules-2/files-2.1/com.fasterxml.jackson.module/jackson-module-parameter-names/2.17.1/74a998f6fbcedbddedf0a27e8ce72078b2e516a6/jackson-module-parameter-names-2.17.1.jar:/Users/imedia24/.gradle/caches/modules-2/files-2.1/com.fasterxml.jackson.core/jackson-databind/2.17.1/524dcbcccdde7d45a679dfc333e4763feb09079/jackson-databind-2.17.1.jar:/Users/imedia24/.gradle/caches/modules-2/files-2.1/org.springframework.boot/spring-boot-autoconfigure/3.3.1/36a6489e3ba5e34163bddb5134021de9ce101abc/spring-boot-autoconfigure-3.3.1.jar:/Users/imedia24/.gradle/caches/modules-2/files-2.1/org.springframework.boot/spring-boot/3.3.1/2c5cfe68bc12646ce44663f865d39c747a28f2c7/spring-boot-3.3.1.jar:/Users/imedia24/.gradle/caches/modules-2/files-2.1/org.springframework.boot/spring-boot-starter-logging/3.3.1/2097eebccdf7556cf42c8a74a5da64420ac143a1/spring-boot-starter-logging-3.3.1.jar:/Users/imedia24/.gradle/caches/modules-2/files-2.1/org.yaml/snakeyaml/2.2/3af797a25458550a16bf89acc8e4ab2b7f2bfce0/snakeyaml-2.2.jar:/Users/imedia24/.gradle/caches/modules-2/files-2.1/org.apache.tomcat.embed/tomcat-embed-websocket/10.1.25/efd7848a9677e9a7cf8367b43213805eca70805/tomcat-embed-websocket-10.1.25.jar:/Users/imedia24/.gradle/caches/modules-2/files-2.1/org.apache.tomcat.embed/tomcat-embed-core/10.1.25/c1e5ee12f537e6b4fea2b98a7160dcf0db610561/tomcat-embed-core-10.1.25.jar:/Users/imedia24/.gradle/caches/modules-2/files-2.1/org.apache.tomcat.embed/tomcat-embed-el/10.1.25/2f030e4971e29245c10e58723fb6b364ce23933b/tomcat-embed-el-10.1.25.jar:/Users/imedia24/.gradle/caches/modules-2/files-2.1/org.springframework/spring-expression/6.1.10/a17d61f1388d0e13d6e7a740304e9d648fffc7c/spring-expression-6.1.10.jar:/Users/imedia24/.gradle/caches/modules-2/files-2.1/io.micrometer/micrometer-observation/1.13.1/f6f5fa79e482431531cc253a7204e5c085c7bb20/micrometer-observation-1.13.1.jar:/Users/imedia24/.gradle/caches/modules-2/files-2.1/redis.clients/jedis/5.0.2/47d917ce322cef3fc1fbe7534f351e25d977e52b/jedis-5.0.2.jar:/Users/imedia24/.gradle/caches/modules-2/files-2.1/com.google.protobuf/protobuf-java/3.25.2/70d676d0082fa7a6b00c6073ce9b572c0d335e97/protobuf-java-3.25.2.jar:/Users/imedia24/.gradle/caches/modules-2/files-2.1/io.netty/netty-codec-http2/4.1.111.Final/f0cca5df75bfb4f858d0435f601d8b1cae1de054/netty-codec-http2-4.1.111.Final.jar:/Users/imedia24/.gradle/caches/modules-2/files-2.1/org.springframework.ai/spring-ai-retry/1.0.0-M1/b798a4dea21b5a94da225e0f8f853ccb97316b79/spring-ai-retry-1.0.0-M1.jar:/Users/imedia24/.gradle/caches/modules-2/files-2.1/org.springframework/spring-webflux/6.1.10/c8d75066a9f8af61681be635ea0e61cef320b53e/spring-webflux-6.1.10.jar:/Users/imedia24/.gradle/caches/modules-2/files-2.1/org.springframework.cloud/spring-cloud-function-context/4.1.1/2c9d483cb4e288d870610f8969867a68a46e95f1/spring-cloud-function-context-4.1.1.jar:/Users/imedia24/.gradle/caches/modules-2/files-2.1/org.springframework/spring-messaging/6.1.10/7bdfa101b8e38c450738c4eb040ca7686ccb4ab9/spring-messaging-6.1.10.jar:/Users/imedia24/.gradle/caches/modules-2/files-2.1/com.github.victools/jsonschema-module-swagger-2/4.35.0/4917637f88dde7d33bd21480a8b15f0c1f0e908a/jsonschema-module-swagger-2-4.35.0.jar:/Users/imedia24/.gradle/caches/modules-2/files-2.1/com.github.victools/jsonschema-generator/4.35.0/f216f7f5296d01a6d8ddb37085fb3cabb06c163b/jsonschema-generator-4.35.0.jar:/Users/imedia24/.gradle/caches/modules-2/files-2.1/com.github.victools/jsonschema-module-jackson/4.35.0/5e6175afc2dfaf731328334a8049bb7615889c7d/jsonschema-module-jackson-4.35.0.jar:/Users/imedia24/.gradle/caches/modules-2/files-2.1/io.swagger.core.v3/swagger-annotations/2.2.22/a62994e7d8d87a0966bb12b85536bdd35287ab1b/swagger-annotations-2.2.22.jar:/Users/imedia24/.gradle/caches/modules-2/files-2.1/org.antlr/stringtemplate/4.0.2/e28e09e2d44d60506a7bcb004d6c23ff35c6ac08/stringtemplate-4.0.2.jar:/Users/imedia24/.gradle/caches/modules-2/files-2.1/io.projectreactor/reactor-core/3.6.7/6d1918147645b5b8e577555a89ab271319f25d2f/reactor-core-3.6.7.jar:/Users/imedia24/.gradle/caches/modules-2/files-2.1/com.knuddels/jtokkit/1.0.0/1f6d2254f2cceb73620dc79fdecf4d4b5ddd3621/jtokkit-1.0.0.jar:/Users/imedia24/.gradle/caches/modules-2/files-2.1/org.apache.pdfbox/fontbox/3.0.1/c33733423cee38f899b387daac71ab8fbf31a494/fontbox-3.0.1.jar:/Users/imedia24/.gradle/caches/modules-2/files-2.1/org.apache.pdfbox/pdfbox-io/3.0.1/111ec75f2754ce7706a2dffb476076484d321ee9/pdfbox-io-3.0.1.jar:/Users/imedia24/.gradle/caches/modules-2/files-2.1/org.junit.jupiter/junit-jupiter/5.10.2/831c0b86ddc2ce38391c5b81ea662b0cfdc02cce/junit-jupiter-5.10.2.jar:/Users/imedia24/.gradle/caches/modules-2/files-2.1/com.pgvector/pgvector/0.1.4/4a37cea2bf86d724850b7e9b75367d4a0753c01b/pgvector-0.1.4.jar:/Users/imedia24/.gradle/caches/modules-2/files-2.1/org.postgresql/postgresql/42.7.3/24f3e9f7231428cd20eb4dde00dd3fce44e05464/postgresql-42.7.3.jar:/Users/imedia24/.gradle/caches/modules-2/files-2.1/org.springframework/spring-jcl/6.1.10/c22c18cf6ed7d768676816347f020a6868663224/spring-jcl-6.1.10.jar:/Users/imedia24/.gradle/caches/modules-2/files-2.1/com.helger/ph-css/7.0.2/c3f23a2015748caa1c3363be41a9dbf10c1e69e6/ph-css-7.0.2.jar:/Users/imedia24/.gradle/caches/modules-2/files-2.1/com.fasterxml.jackson.core/jackson-core/2.17.1/5e52a11644cd59a28ef79f02bddc2cc3bab45edb/jackson-core-2.17.1.jar:/Users/imedia24/.gradle/caches/modules-2/files-2.1/com.vaadin.servletdetector/throw-if-servlet3/1.0.2/29d2e1daed2f3df2e233d6685a52cc888d2519bf/throw-if-servlet3-1.0.2.jar:/Users/imedia24/.gradle/caches/modules-2/files-2.1/com.vaadin.external.gwt/gwt-elemental/2.8.2.vaadin2/abdfd4fcfbc0652298061be8c70a56a6d6e868b2/gwt-elemental-2.8.2.vaadin2.jar:/Users/imedia24/.gradle/caches/modules-2/files-2.1/org.apache.commons/commons-fileupload2-jakarta/2.0.0-M1/3695e957ef5ca6e63b9b934064ecf4aee6518023/commons-fileupload2-jakarta-2.0.0-M1.jar:/Users/imedia24/.gradle/caches/modules-2/files-2.1/org.apache.commons/commons-compress/1.26.1/44331c1130c370e726a2e1a3e6fba6d2558ef04a/commons-compress-1.26.1.jar:/Users/imedia24/.gradle/caches/modules-2/files-2.1/commons-io/commons-io/2.16.1/377d592e740dc77124e0901291dbfaa6810a200e/commons-io-2.16.1.jar:/Users/imedia24/.gradle/caches/modules-2/files-2.1/org.jsoup/jsoup/1.17.2/1e75b08d7019546a954f1e359477f916f537a34d/jsoup-1.17.2.jar:/Users/imedia24/.gradle/caches/modules-2/files-2.1/org.ow2.asm/asm/9.7/73d7b3086e14beb604ced229c302feff6449723/asm-9.7.jar:/Users/imedia24/.gradle/caches/modules-2/files-2.1/com.vaadin.external/gentyref/1.2.0.vaadin1/c914574fdf1d7c7b85f58965d10f7a83811bb7c6/gentyref-1.2.0.vaadin1.jar:/Users/imedia24/.gradle/caches/modules-2/files-2.1/org.javassist/javassist/3.30.2-GA/284580b5e42dfa1b8267058566435d9e93fae7f7/javassist-3.30.2-GA.jar:/Users/imedia24/.gradle/caches/modules-2/files-2.1/com.google.code.findbugs/jsr305/3.0.2/25ea2e8b0c338a877313bd4672d3fe056ea78f0d/jsr305-3.0.2.jar:/Users/imedia24/.gradle/caches/modules-2/files-2.1/com.vaadin.external.atmosphere/atmosphere-runtime/3.0.5.slf4jvaadin1/a2e969eff4832a42b07f740325962f7743e14d40/atmosphere-runtime-3.0.5.slf4jvaadin1.jar:/Users/imedia24/.gradle/caches/modules-2/files-2.1/jakarta.validation/jakarta.validation-api/3.0.2/92b6631659ba35ca09e44874d3eb936edfeee532/jakarta.validation-api-3.0.2.jar:/Users/imedia24/.gradle/caches/modules-2/files-2.1/org.jboss.logging/jboss-logging/3.5.3.Final/c88fc1d8a96d4c3491f55d4317458ccad53ca663/jboss-logging-3.5.3.Final.jar:/Users/imedia24/.gradle/caches/modules-2/files-2.1/com.fasterxml/classmate/1.7.0/e98374da1f2143ac8e6e0a95036994bb19137a3/classmate-1.7.0.jar:/Users/imedia24/.gradle/caches/modules-2/files-2.1/org.springframework.security/spring-security-core/6.3.1/598c2461a17c29705ca7fd8c02efd23a1f650ccd/spring-security-core-6.3.1.jar:/Users/imedia24/.gradle/caches/modules-2/files-2.1/com.vaadin/hilla-engine-core/24.4.1/b066cfbcbae80d47631ad91ae86a12c969de5c84/hilla-engine-core-24.4.1.jar:/Users/imedia24/.gradle/caches/modules-2/files-2.1/com.vaadin/hilla-runtime-plugin-transfertypes/24.4.1/b5c4deddcb7d268d0a45b7128051ef0ed1d38489/hilla-runtime-plugin-transfertypes-24.4.1.jar:/Users/imedia24/.gradle/caches/modules-2/files-2.1/com.vaadin/hilla-parser-jvm-utils/24.4.1/13648a6c8e132f53e79a8bcd9f951b2f4586e73c/hilla-parser-jvm-utils-24.4.1.jar:/Users/imedia24/.gradle/caches/modules-2/files-2.1/com.github.javaparser/javaparser-symbol-solver-core/3.25.10/332263ccddcf209822631c0d600a4fa6f64d020f/javaparser-symbol-solver-core-3.25.10.jar:/Users/imedia24/.gradle/caches/modules-2/files-2.1/com.vaadin.external.google/android-json/0.0.20131108.vaadin1/fa26d351fe62a6a17f5cda1287c1c6110dec413f/android-json-0.0.20131108.vaadin1.jar:/Users/imedia24/.gradle/caches/modules-2/files-2.1/com.vaadin/copilot/24.4.3/8f52689239484ac02d925b779a90737f8117089b/copilot-24.4.3.jar:/Users/imedia24/.gradle/caches/modules-2/files-2.1/com.vaadin/vaadin-dev-server/24.4.2/f546751f1a3a13c1e2c1282750ab5b8bb8e1ee90/vaadin-dev-server-24.4.2.jar:/Users/imedia24/.gradle/caches/modules-2/files-2.1/com.vaadin/vaadin-dev-bundle/24.4.3/8e7453c43d7f5a43eae93c1d9578182bda3a258d/vaadin-dev-bundle-24.4.3.jar:/Users/imedia24/.gradle/caches/modules-2/files-2.1/com.vaadin/hilla-dev/24.4.1/1976352d406c7b72df4333b908bc0aae5794790a/hilla-dev-24.4.1.jar:/Users/imedia24/.gradle/caches/modules-2/files-2.1/com.vaadin/flow-lit-template/24.4.2/824af5807280d7cf5d05aa9c1cfae60ccf8ca79c/flow-lit-template-24.4.2.jar:/Users/imedia24/.gradle/caches/modules-2/files-2.1/com.vaadin/flow-react/24.4.2/5081d8332d93a5928ea52df01be8ef260e7a7957/flow-react-24.4.2.jar:/Users/imedia24/.gradle/caches/modules-2/files-2.1/com.vaadin/vaadin-grid-flow/24.4.3/43614387cf002a16868dfbb37381602de4da395a/vaadin-grid-flow-24.4.3.jar:/Users/imedia24/.gradle/caches/modules-2/files-2.1/com.vaadin/vaadin-menu-bar-flow/24.4.3/912c5b1192f0e6ea690def32e19f457998c882b8/vaadin-menu-bar-flow-24.4.3.jar:/Users/imedia24/.gradle/caches/modules-2/files-2.1/com.vaadin/vaadin-context-menu-flow/24.4.3/6c3988e7f6d7dd399886ff147fc0b0a2c4c9091/vaadin-context-menu-flow-24.4.3.jar:/Users/imedia24/.gradle/caches/modules-2/files-2.1/com.vaadin/flow-html-components/24.4.2/230f61cbc9ad949b84e82f2d7c3691584179564e/flow-html-components-24.4.2.jar:/Users/imedia24/.gradle/caches/modules-2/files-2.1/com.vaadin/vaadin-avatar-flow/24.4.3/42538f5bd2ba1b52eac9b066d06b0253d033d003/vaadin-avatar-flow-24.4.3.jar:/Users/imedia24/.gradle/caches/modules-2/files-2.1/com.vaadin/vaadin-upload-flow/24.4.3/35a0d47fe34d900f3cde6ff73bc4bfb42ef315f7/vaadin-upload-flow-24.4.3.jar:/Users/imedia24/.gradle/caches/modules-2/files-2.1/com.vaadin/vaadin-app-layout-flow/24.4.3/d17d0a5defb5cfc9e7b81fa8d6ab120134d6761/vaadin-app-layout-flow-24.4.3.jar:/Users/imedia24/.gradle/caches/modules-2/files-2.1/com.vaadin/vaadin-button-flow/24.4.3/615a0b3f6aada6c3cb9956ffe06fd88d8dee301d/vaadin-button-flow-24.4.3.jar:/Users/imedia24/.gradle/caches/modules-2/files-2.1/com.vaadin/vaadin-checkbox-flow/24.4.3/c2af953fff0f3560749bee26803760028615483e/vaadin-checkbox-flow-24.4.3.jar:/Users/imedia24/.gradle/caches/modules-2/files-2.1/com.vaadin/vaadin-combo-box-flow/24.4.3/465f46cb5f5b55e998e87c1a5d3cd9dd7b25cfb9/vaadin-combo-box-flow-24.4.3.jar:/Users/imedia24/.gradle/caches/modules-2/files-2.1/com.vaadin/vaadin-confirm-dialog-flow/24.4.3/43aac02614ff8b835e8d26b1d545acc52aafe1d8/vaadin-confirm-dialog-flow-24.4.3.jar:/Users/imedia24/.gradle/caches/modules-2/files-2.1/com.vaadin/vaadin-custom-field-flow/24.4.3/2ea5022e81ca231c0a6db6c78dfca7862ac564a8/vaadin-custom-field-flow-24.4.3.jar:/Users/imedia24/.gradle/caches/modules-2/files-2.1/com.vaadin/vaadin-date-time-picker-flow/24.4.3/7854f61a70e9cf1f81bbc00b555bc8388f117780/vaadin-date-time-picker-flow-24.4.3.jar:/Users/imedia24/.gradle/caches/modules-2/files-2.1/com.vaadin/vaadin-date-picker-flow/24.4.3/73568df8b3d477f859c0b54d37f7ac072f1c9523/vaadin-date-picker-flow-24.4.3.jar:/Users/imedia24/.gradle/caches/modules-2/files-2.1/com.vaadin/vaadin-accordion-flow/24.4.3/b7ad1da810420532c17cfabde8c397213e90275c/vaadin-accordion-flow-24.4.3.jar:/Users/imedia24/.gradle/caches/modules-2/files-2.1/com.vaadin/vaadin-details-flow/24.4.3/35bd9ed3c07778ceaf1658c1844bd90fa68d06c9/vaadin-details-flow-24.4.3.jar:/Users/imedia24/.gradle/caches/modules-2/files-2.1/com.vaadin/vaadin-time-picker-flow/24.4.3/6a3b2bc9103feef3799681113a99ddb143444a93/vaadin-time-picker-flow-24.4.3.jar:/Users/imedia24/.gradle/caches/modules-2/files-2.1/com.vaadin/vaadin-select-flow/24.4.3/e47deb23c6218817a458c3505a4624b075d6a715/vaadin-select-flow-24.4.3.jar:/Users/imedia24/.gradle/caches/modules-2/files-2.1/com.vaadin/vaadin-side-nav-flow/24.4.3/9316addab69478c1d3f1056eb48f5a3c740bef30/vaadin-side-nav-flow-24.4.3.jar:/Users/imedia24/.gradle/caches/modules-2/files-2.1/com.vaadin/vaadin-dialog-flow/24.4.3/1cf3101e9883a0b5e8107d05c2d566a24632789e/vaadin-dialog-flow-24.4.3.jar:/Users/imedia24/.gradle/caches/modules-2/files-2.1/com.vaadin/vaadin-form-layout-flow/24.4.3/5228a8327c530d7642f92017e6ce30a311274063/vaadin-form-layout-flow-24.4.3.jar:/Users/imedia24/.gradle/caches/modules-2/files-2.1/com.vaadin/vaadin-lumo-theme/24.4.3/dce523b63ef8e0667be12f56f1b16c99f154b522/vaadin-lumo-theme-24.4.3.jar:/Users/imedia24/.gradle/caches/modules-2/files-2.1/com.vaadin/vaadin-icons-flow/24.4.3/55ee08fc46bb36ce8022bac9ed0c17e09cb674cc/vaadin-icons-flow-24.4.3.jar:/Users/imedia24/.gradle/caches/modules-2/files-2.1/com.vaadin/vaadin-list-box-flow/24.4.3/835dceee9619108f8fe8b6a048355b66db7480ba/vaadin-list-box-flow-24.4.3.jar:/Users/imedia24/.gradle/caches/modules-2/files-2.1/com.vaadin/vaadin-login-flow/24.4.3/133138d35527b2c4e86a73b9e89586f1c99980a9/vaadin-login-flow-24.4.3.jar:/Users/imedia24/.gradle/caches/modules-2/files-2.1/com.vaadin/vaadin-messages-flow/24.4.3/cb34f918f69a5ef09ec6aa56cfdd65d939fc2f59/vaadin-messages-flow-24.4.3.jar:/Users/imedia24/.gradle/caches/modules-2/files-2.1/com.vaadin/vaadin-ordered-layout-flow/24.4.3/87dacf6fddea8dc50b4d9445f1e9f603df7e97f4/vaadin-ordered-layout-flow-24.4.3.jar:/Users/imedia24/.gradle/caches/modules-2/files-2.1/com.vaadin/vaadin-progress-bar-flow/24.4.3/483db5c73bdf748eb895fb501d51d8a05232a9ea/vaadin-progress-bar-flow-24.4.3.jar:/Users/imedia24/.gradle/caches/modules-2/files-2.1/com.vaadin/vaadin-radio-button-flow/24.4.3/ca5632ba87c49d3b76f3886721e34a123a57419e/vaadin-radio-button-flow-24.4.3.jar:/Users/imedia24/.gradle/caches/modules-2/files-2.1/com.vaadin/vaadin-split-layout-flow/24.4.3/7b22020d443c2b5e88f9ffae47093b6675b2e166/vaadin-split-layout-flow-24.4.3.jar:/Users/imedia24/.gradle/caches/modules-2/files-2.1/com.vaadin/vaadin-tabs-flow/24.4.3/44c3dd03349123c4610a2abd6f41ff04fb3ded6f/vaadin-tabs-flow-24.4.3.jar:/Users/imedia24/.gradle/caches/modules-2/files-2.1/com.vaadin/vaadin-text-field-flow/24.4.3/4c6e998a46ed9595c48ea9b83e76b6ed8bc81429/vaadin-text-field-flow-24.4.3.jar:/Users/imedia24/.gradle/caches/modules-2/files-2.1/com.vaadin/vaadin-notification-flow/24.4.3/5eec0af2b72c268b2057a3490830c1e687868a93/vaadin-notification-flow-24.4.3.jar:/Users/imedia24/.gradle/caches/modules-2/files-2.1/com.vaadin/flow-data/24.4.2/ecf843b0216ade7e2f647981f7061172084e13b7/flow-data-24.4.2.jar:/Users/imedia24/.gradle/caches/modules-2/files-2.1/com.vaadin/flow-dnd/24.4.2/b4cbe5c5ea834750c6a807741da64e6caf732343/flow-dnd-24.4.2.jar:/Users/imedia24/.gradle/caches/modules-2/files-2.1/com.vaadin/vaadin-material-theme/24.4.3/1d6aba23998020499033a1afbad812d681e82315/vaadin-material-theme-24.4.3.jar:/Users/imedia24/.gradle/caches/modules-2/files-2.1/com.vaadin/vaadin-field-highlighter-flow/24.4.3/45a90e2232190150532d3c3a0ebc7b7ca9b41de7/vaadin-field-highlighter-flow-24.4.3.jar:/Users/imedia24/.gradle/caches/modules-2/files-2.1/com.vaadin/vaadin-virtual-list-flow/24.4.3/237b36090887262cc9b8d45cb1103b54de363c/vaadin-virtual-list-flow-24.4.3.jar:/Users/imedia24/.gradle/caches/modules-2/files-2.1/com.vaadin/vaadin-renderer-flow/24.4.3/7bf1f8b4de49926acceb57deb0f91b7724a89819/vaadin-renderer-flow-24.4.3.jar:/Users/imedia24/.gradle/caches/modules-2/files-2.1/com.fasterxml.jackson.core/jackson-annotations/2.17.1/fca7ef6192c9ad05d07bc50da991bf937a84af3a/jackson-annotations-2.17.1.jar:/Users/imedia24/.gradle/caches/modules-2/files-2.1/ch.qos.logback/logback-classic/1.5.6/afc75d260d838a3bddfb8f207c2805ed7d1b34f9/logback-classic-1.5.6.jar:/Users/imedia24/.gradle/caches/modules-2/files-2.1/org.apache.logging.log4j/log4j-to-slf4j/2.23.1/425ad1eb8a39904d2830e907a324e956fb456520/log4j-to-slf4j-2.23.1.jar:/Users/imedia24/.gradle/caches/modules-2/files-2.1/org.slf4j/jul-to-slf4j/2.0.11/279356f8e873b1a26badd8bbb3284b5c3b22c770/jul-to-slf4j-2.0.11.jar:/Users/imedia24/.gradle/caches/modules-2/files-2.1/io.micrometer/micrometer-commons/1.13.1/5629ecbcc84a9f29e1cf976718de2497e50932bf/micrometer-commons-1.13.1.jar:/Users/imedia24/.gradle/caches/modules-2/files-2.1/org.apache.commons/commons-pool2/2.12.0/458563f69fbdaebf7daadfe10dc3a22e42a7de50/commons-pool2-2.12.0.jar:/Users/imedia24/.gradle/caches/modules-2/files-2.1/org.json/json/20231013/e22e0c040fe16f04ffdb85d851d77b07fc05ea52/json-20231013.jar:/Users/imedia24/.gradle/caches/modules-2/files-2.1/com.google.code.gson/gson/2.10.1/b3add478d4382b78ea20b1671390a858002feb6c/gson-2.10.1.jar:/Users/imedia24/.gradle/caches/modules-2/files-2.1/io.netty/netty-codec-http/4.1.111.Final/c6ecbc452321e632bf3cea0f9758839b650455c7/netty-codec-http-4.1.111.Final.jar:/Users/imedia24/.gradle/caches/modules-2/files-2.1/io.netty/netty-handler/4.1.111.Final/2bc6a58ad2e9e279634b6e55022e8dcd3c175cc4/netty-handler-4.1.111.Final.jar:/Users/imedia24/.gradle/caches/modules-2/files-2.1/io.netty/netty-codec/4.1.111.Final/a6762ec00a6d268f9980741f5b755838bcd658bf/netty-codec-4.1.111.Final.jar:/Users/imedia24/.gradle/caches/modules-2/files-2.1/io.netty/netty-transport/4.1.111.Final/24e97cf14ea9d80afe4c5ab69066b587fccc154a/netty-transport-4.1.111.Final.jar:/Users/imedia24/.gradle/caches/modules-2/files-2.1/io.netty/netty-buffer/4.1.111.Final/b54863f578939e135d3b3aea610284ae57c188cf/netty-buffer-4.1.111.Final.jar:/Users/imedia24/.gradle/caches/modules-2/files-2.1/io.netty/netty-common/4.1.111.Final/58210befcb31adbcadd5724966a061444db91863/netty-common-4.1.111.Final.jar:/Users/imedia24/.gradle/caches/modules-2/files-2.1/org.springframework.retry/spring-retry/2.0.6/812ca80eb5f418c679cb239d2d009c4bf075f3a/spring-retry-2.0.6.jar:/Users/imedia24/.gradle/caches/modules-2/files-2.1/org.springframework.cloud/spring-cloud-function-core/4.1.1/9b50f688ed4d819358db0a0cd4ce0903f4ce1973/spring-cloud-function-core-4.1.1.jar:/Users/imedia24/.gradle/caches/modules-2/files-2.1/net.jodah/typetools/0.6.2/d1e38fe8e668f228b0761d80a6c80c151ab6044a/typetools-0.6.2.jar:/Users/imedia24/.gradle/caches/modules-2/files-2.1/org.antlr/antlr-runtime/3.3/ccd65b08cbc9b7e90b9facd4d125a133c6f87228/antlr-runtime-3.3.jar:/Users/imedia24/.gradle/caches/modules-2/files-2.1/org.reactivestreams/reactive-streams/1.0.4/3864a1320d97d7b045f729a326e1e077661f31b7/reactive-streams-1.0.4.jar:/Users/imedia24/.gradle/caches/modules-2/files-2.1/org.junit.jupiter/junit-jupiter-params/5.10.2/359132c82a9d3fa87a325db6edd33b5fdc67a3d8/junit-jupiter-params-5.10.2.jar:/Users/imedia24/.gradle/caches/modules-2/files-2.1/org.junit.jupiter/junit-jupiter-api/5.10.2/fb55d6e2bce173f35fd28422e7975539621055ef/junit-jupiter-api-5.10.2.jar:/Users/imedia24/.gradle/caches/modules-2/files-2.1/com.helger.commons/ph-commons/11.1.5/4c70c06230a21a9593a5cc78eeeea13972fd4ab9/ph-commons-11.1.5.jar:/Users/imedia24/.gradle/caches/modules-2/files-2.1/org.apache.commons/commons-fileupload2-core/2.0.0-M1/6c262ddf7fb1c99c24a3fbea817065a9146c52c0/commons-fileupload2-core-2.0.0-M1.jar:/Users/imedia24/.gradle/caches/modules-2/files-2.1/commons-codec/commons-codec/1.16.1/47bd4d333fba53406f6c6c51884ddbca435c8862/commons-codec-1.16.1.jar:/Users/imedia24/.gradle/caches/modules-2/files-2.1/org.apache.commons/commons-lang3/3.14.0/1ed471194b02f2c6cb734a0cd6f6f107c673afae/commons-lang3-3.14.0.jar:/Users/imedia24/.gradle/caches/modules-2/files-2.1/org.springframework.security/spring-security-crypto/6.3.1/3e66321782db499cca3884830188a091058121f3/spring-security-crypto-6.3.1.jar:/Users/imedia24/.gradle/caches/modules-2/files-2.1/com.vaadin/hilla-parser-jvm-plugin-transfertypes/24.4.1/cbc0a50ee9816e3b0cd6e9a21d0aa5696940d0f7/hilla-parser-jvm-plugin-transfertypes-24.4.1.jar:/Users/imedia24/.gradle/caches/modules-2/files-2.1/com.vaadin/hilla-parser-jvm-plugin-nonnull/24.4.1/42fdf82a50fc7e539ecb7e1a88a690dd48dd506/hilla-parser-jvm-plugin-nonnull-24.4.1.jar:/Users/imedia24/.gradle/caches/modules-2/files-2.1/com.vaadin/hilla-parser-jvm-plugin-subtypes/24.4.1/c0d4a3ce801c80243e8054fc6ffb6f9e71b02687/hilla-parser-jvm-plugin-subtypes-24.4.1.jar:/Users/imedia24/.gradle/caches/modules-2/files-2.1/com.vaadin/hilla-parser-jvm-plugin-model/24.4.1/5cf2ab506099b7f9882cf05440925ceadd0f28f6/hilla-parser-jvm-plugin-model-24.4.1.jar:/Users/imedia24/.gradle/caches/modules-2/files-2.1/com.vaadin/hilla-parser-jvm-plugin-backbone/24.4.1/62a5aab94d6d98e78639f2369d7213bc4e905b11/hilla-parser-jvm-plugin-backbone-24.4.1.jar:/Users/imedia24/.gradle/caches/modules-2/files-2.1/com.vaadin/hilla-parser-jvm-core/24.4.1/787d7a523e7be72e829ba1ac578fdb329ef54a0d/hilla-parser-jvm-core-24.4.1.jar:/Users/imedia24/.gradle/caches/modules-2/files-2.1/io.swagger.core.v3/swagger-core/2.2.22/bda27a7291d01e96eb4b33bab33ca44f323becaf/swagger-core-2.2.22.jar:/Users/imedia24/.gradle/caches/modules-2/files-2.1/io.swagger.core.v3/swagger-models/2.2.22/551fff49689c1146807713ad8a00ddde1bb5af2c/swagger-models-2.2.22.jar:/Users/imedia24/.gradle/caches/modules-2/files-2.1/com.google.guava/guava/33.1.0-jre/9b7ed39143d59e8eabcc6f91ffe4d23db2efe558/guava-33.1.0-jre.jar:/Users/imedia24/.gradle/caches/modules-2/files-2.1/com.github.javaparser/javaparser-core/3.25.10/ed2d4a9c601507713cf2f6208df4c844fe6447b2/javaparser-core-3.25.10.jar:/Users/imedia24/.gradle/caches/modules-2/files-2.1/io.projectreactor.netty/reactor-netty/1.1.20/fbab69184edcea34dacd3f1032a15cf88f55f119/reactor-netty-1.1.20.jar:/Users/imedia24/.gradle/caches/modules-2/files-2.1/org.apache.commons/commons-configuration2/2.11.0/af5a2c6abe587074c0be1107fcb27fa2fad91304/commons-configuration2-2.11.0.jar:/Users/imedia24/.gradle/caches/modules-2/files-2.1/com.vaadin/license-checker/1.12.12/3e97922ebdf69e8d86bd347a21d9d09efe08e4ec/license-checker-1.12.12.jar:/Users/imedia24/.gradle/caches/modules-2/files-2.1/io.methvin/directory-watcher/0.18.0/516117adce1b3c41b2d7a086f38b2fb36cc9f2cf/directory-watcher-0.18.0.jar:/Users/imedia24/.gradle/caches/modules-2/files-2.1/com.vaadin/open/8.5.0/a39e2f7314ffd92b7ee3db8aa3c871c7b3b2615b/open-8.5.0.jar:/Users/imedia24/.gradle/caches/modules-2/files-2.1/com.vaadin/vaadin-flow-components-base/24.4.3/476925ccdda830d2d61c9575cb4d3a597192572/vaadin-flow-components-base-24.4.3.jar:/Users/imedia24/.gradle/caches/modules-2/files-2.1/ch.qos.logback/logback-core/1.5.6/41cbe874701200c5624c19e0ab50d1b88dfcc77d/logback-core-1.5.6.jar:/Users/imedia24/.gradle/caches/modules-2/files-2.1/org.apache.logging.log4j/log4j-api/2.23.1/9c15c29c526d9c6783049c0a77722693c66706e1/log4j-api-2.23.1.jar:/Users/imedia24/.gradle/caches/modules-2/files-2.1/io.netty/netty-transport-native-unix-common/4.1.111.Final/acafc128cddafa021bc0b48b0788eb0e118add5e/netty-transport-native-unix-common-4.1.111.Final.jar:/Users/imedia24/.gradle/caches/modules-2/files-2.1/io.netty/netty-resolver/4.1.111.Final/3493179999f211dc49714319f81da2be86523a3b/netty-resolver-4.1.111.Final.jar:/Users/imedia24/.gradle/caches/modules-2/files-2.1/org.apiguardian/apiguardian-api/1.1.2/a231e0d844d2721b0fa1b238006d15c6ded6842a/apiguardian-api-1.1.2.jar:/Users/imedia24/.gradle/caches/modules-2/files-2.1/org.junit.platform/junit-platform-commons/1.10.2/3197154a1f0c88da46c47a9ca27611ac7ec5d797/junit-platform-commons-1.10.2.jar:/Users/imedia24/.gradle/caches/modules-2/files-2.1/org.opentest4j/opentest4j/1.3.0/152ea56b3a72f655d4fd677fc0ef2596c3dd5e6e/opentest4j-1.3.0.jar:/Users/imedia24/.gradle/caches/modules-2/files-2.1/io.github.classgraph/classgraph/4.8.171/ac8ae7597b525c70063832935457b1e67751ce6/classgraph-4.8.171.jar:/Users/imedia24/.gradle/caches/modules-2/files-2.1/com.fasterxml.jackson.dataformat/jackson-dataformat-yaml/2.17.1/b4c7b8a9ea3f398116a75c146b982b22afebc4ee/jackson-dataformat-yaml-2.17.1.jar:/Users/imedia24/.gradle/caches/modules-2/files-2.1/jakarta.xml.bind/jakarta.xml.bind-api/4.0.2/6cd5a999b834b63238005b7144136379dc36cad2/jakarta.xml.bind-api-4.0.2.jar:/Users/imedia24/.gradle/caches/modules-2/files-2.1/com.google.guava/failureaccess/1.0.2/c4a06a64e650562f30b7bf9aaec1bfed43aca12b/failureaccess-1.0.2.jar:/Users/imedia24/.gradle/caches/modules-2/files-2.1/com.google.guava/listenablefuture/9999.0-empty-to-avoid-conflict-with-guava/b421526c5f297295adef1c886e5246c39d4ac629/listenablefuture-9999.0-empty-to-avoid-conflict-with-guava.jar:/Users/imedia24/.gradle/caches/modules-2/files-2.1/org.checkerframework/checker-qual/3.42.0/638ec33f363a94d41a4f03c3e7d3dcfba64e402d/checker-qual-3.42.0.jar:/Users/imedia24/.gradle/caches/modules-2/files-2.1/com.google.errorprone/error_prone_annotations/2.26.1/c1fde57694bdc14e8618899aaa6e857d9465d7de/error_prone_annotations-2.26.1.jar:/Users/imedia24/.gradle/caches/modules-2/files-2.1/com.google.j2objc/j2objc-annotations/3.0.0/7399e65dd7e9ff3404f4535b2f017093bdb134c7/j2objc-annotations-3.0.0.jar:/Users/imedia24/.gradle/caches/modules-2/files-2.1/io.projectreactor.netty/reactor-netty-http/1.1.20/8d4ee98405a5856cf0c9d7c1a70f3f14631e3c46/reactor-netty-http-1.1.20.jar:/Users/imedia24/.gradle/caches/modules-2/files-2.1/io.projectreactor.netty/reactor-netty-core/1.1.20/1a5ef52a470a82d9313e2e1ad8ba064bdbd38948/reactor-netty-core-1.1.20.jar:/Users/imedia24/.gradle/caches/modules-2/files-2.1/org.apache.commons/commons-text/1.12.0/66aa90dc099701c4d3b14bd256c328f592ccf0d6/commons-text-1.12.0.jar:/Users/imedia24/.gradle/caches/modules-2/files-2.1/com.github.oshi/oshi-core/6.4.10/b1d8ab82d11d92fd639b56d639f8f46f739dd5fa/oshi-core-6.4.10.jar:/Users/imedia24/.gradle/caches/modules-2/files-2.1/com.nimbusds/nimbus-jose-jwt/9.37.3/700f71ffefd60c16bd8ce711a956967ea9071cec/nimbus-jose-jwt-9.37.3.jar:/Users/imedia24/.gradle/caches/modules-2/files-2.1/org.lucee/jcip-annotations/1.0.0/ae61631d04820071895117d5d549f4e4efd9e07f/jcip-annotations-1.0.0.jar:/Users/imedia24/.gradle/caches/modules-2/files-2.1/jakarta.activation/jakarta.activation-api/2.1.3/fa165bd70cda600368eee31555222776a46b881f/jakarta.activation-api-2.1.3.jar:/Users/imedia24/.gradle/caches/modules-2/files-2.1/io.netty/netty-resolver-dns-native-macos/4.1.111.Final/aeef447d930ddfcdc80a8b2c67eb9b5d781d6354/netty-resolver-dns-native-macos-4.1.111.Final-osx-x86_64.jar:/Users/imedia24/.gradle/caches/modules-2/files-2.1/io.netty/netty-resolver-dns/4.1.111.Final/5ac6a3d96935129ba45ea768ad30e31cad0d8c4d/netty-resolver-dns-4.1.111.Final.jar:/Users/imedia24/.gradle/caches/modules-2/files-2.1/io.netty/netty-transport-native-epoll/4.1.111.Final/e102a0568f4f2cd7d4049c4154f94528cadf646b/netty-transport-native-epoll-4.1.111.Final-linux-x86_64.jar:/Users/imedia24/.gradle/caches/modules-2/files-2.1/io.netty/netty-handler-proxy/4.1.111.Final/1e459c8630bb7c942b79a97e62dd728798de6a8c/netty-handler-proxy-4.1.111.Final.jar:/Users/imedia24/.gradle/caches/modules-2/files-2.1/net.java.dev.jna/jna-platform/5.14.0/28934d48aed814f11e4c584da55c49fa7032b31b/jna-platform-5.14.0.jar:/Users/imedia24/.gradle/caches/modules-2/files-2.1/net.java.dev.jna/jna/5.14.0/67bf3eaea4f0718cb376a181a629e5f88fa1c9dd/jna-5.14.0.jar:/Users/imedia24/.gradle/caches/modules-2/files-2.1/io.netty/netty-resolver-dns-classes-macos/4.1.111.Final/c21cc719234e5553c3b65f29defb4b383edc8fd2/netty-resolver-dns-classes-macos-4.1.111.Final.jar:/Users/imedia24/.gradle/caches/modules-2/files-2.1/io.netty/netty-codec-dns/4.1.111.Final/f988dbb527efb0e7cf7d444cc50b0fc3f5f380ec/netty-codec-dns-4.1.111.Final.jar:/Users/imedia24/.gradle/caches/modules-2/files-2.1/io.netty/netty-transport-classes-epoll/4.1.111.Final/8b97d32eb1489043e478deea99bd93ce487b82f6/netty-transport-classes-epoll-4.1.111.Final.jar:/Users/imedia24/.gradle/caches/modules-2/files-2.1/io.netty/netty-codec-socks/4.1.111.Final/ea52ef6617a9b69b0baaebb7f0b80373527f9607/netty-codec-socks-4.1.111.Final.jar:/Users/imedia24/.gradle/caches/modules-2/files-2.1/org.springframework.boot/spring-boot-docker-compose/3.3.1/803ac78286db19e89502dd4304bc687021af7b9/spring-boot-docker-compose-3.3.1.jar:/Users/imedia24/.gradle/caches/modules-2/files-2.1/org.springframework.boot/spring-boot-devtools/3.3.1/6edf297bee4db758e9bce41178a81ebf421be994/spring-boot-devtools-3.3.1.jar:/Users/imedia24/.gradle/caches/modules-2/files-2.1/org.hibernate.common/hibernate-commons-annotations/6.0.6.Final/77a5f94b56d49508e0ee334751db5b78e5ccd50c/hibernate-commons-annotations-6.0.6.Final.jar:/Users/imedia24/.gradle/caches/modules-2/files-2.1/io.smallrye/jandex/3.1.2/a6c1c89925c7df06242b03dddb353116ceb9584c/jandex-3.1.2.jar:/Users/imedia24/.gradle/caches/modules-2/files-2.1/net.bytebuddy/byte-buddy/1.14.17/a8d08f3c1e75ecc7f38a8cfd7e9fa47919096373/byte-buddy-1.14.17.jar:/Users/imedia24/.gradle/caches/modules-2/files-2.1/org.glassfish.jaxb/jaxb-runtime/4.0.5/ca84c2a7169b5293e232b9d00d1e4e36d4c3914a/jaxb-runtime-4.0.5.jar:/Users/imedia24/.gradle/caches/modules-2/files-2.1/jakarta.inject/jakarta.inject-api/2.0.1/4c28afe1991a941d7702fe1362c365f0a8641d1e/jakarta.inject-api-2.0.1.jar:/Users/imedia24/.gradle/caches/modules-2/files-2.1/org.glassfish.jaxb/jaxb-core/4.0.5/7b4b11ea5542eea4ad55e1080b23be436795b3/jaxb-core-4.0.5.jar:/Users/imedia24/.gradle/caches/modules-2/files-2.1/org.junit.jupiter/junit-jupiter-engine/5.10.2/f1f8fe97bd58e85569205f071274d459c2c4f8cd/junit-jupiter-engine-5.10.2.jar:/Users/imedia24/.gradle/caches/modules-2/files-2.1/org.eclipse.angus/angus-activation/2.0.2/41f1e0ddd157c856926ed149ab837d110955a9fc/angus-activation-2.0.2.jar:/Users/imedia24/.gradle/caches/modules-2/files-2.1/org.glassfish.jaxb/txw2/4.0.5/f36a4ef12120a9bb06d766d6a0e54b144fd7ed98/txw2-4.0.5.jar:/Users/imedia24/.gradle/caches/modules-2/files-2.1/com.sun.istack/istack-commons-runtime/4.1.2/18ec117c85f3ba0ac65409136afa8e42bc74e739/istack-commons-runtime-4.1.2.jar:/Users/imedia24/.gradle/caches/modules-2/files-2.1/org.junit.platform/junit-platform-engine/1.10.2/d53bb4e0ce7f211a498705783440614bfaf0df2e/junit-platform-engine-1.10.2.jar:/Users/imedia24/.gradle/caches/modules-2/files-2.1/io.projectreactor.netty.incubator/reactor-netty-incubator-quic/0.1.20/c39c798a8036c4d8e8048ab36c3cd8bfe85afd02/reactor-netty-incubator-quic-0.1.20.jar:/Users/imedia24/.gradle/caches/modules-2/files-2.1/io.netty.incubator/netty-incubator-codec-native-quic/0.0.63.Final/84f3839fda3742a74b731b775eb52bb3299123c0/netty-incubator-codec-native-quic-0.0.63.Final-linux-x86_64.jar:/Users/imedia24/.gradle/caches/modules-2/files-2.1/io.netty.incubator/netty-incubator-codec-classes-quic/0.0.63.Final/e9c562f2f01427ec6bc31db7d7cee966eca6e5a9/netty-incubator-codec-classes-quic-0.0.63.Final.jar enset.iibdcc.chatbot.ChatbotApplication
